
Microsoft Visual Studio Solution File, Format Version 12.00
# Visual Studio Version 17
VisualStudioVersion = 17.11.35222.181
MinimumVisualStudioVersion = 10.0.40219.1
Project("{FAE04EC0-301F-11D3-BF4B-00C04F79EFBC}") = "RailTix", "RailTix.csproj", "{E745A524-2BE6-444F-9F0E-4BD1FA40A41A}"
EndProject
Global
	GlobalSection(SolutionConfigurationPlatforms) = preSolution
		Debug|Any CPU = Debug|Any CPU
		Release|Any CPU = Release|Any CPU
	EndGlobalSection
	GlobalSection(ProjectConfigurationPlatforms) = postSolution
		{E745A524-2BE6-444F-9F0E-4BD1FA40A41A}.Debug|Any CPU.ActiveCfg = Debug|Any CPU
		{E745A524-2BE6-444F-9F0E-4BD1FA40A41A}.Debug|Any CPU.Build.0 = Debug|Any CPU
		{E745A524-2BE6-444F-9F0E-4BD1FA40A41A}.Release|Any CPU.ActiveCfg = Release|Any CPU
		{E745A524-2BE6-444F-9F0E-4BD1FA40A41A}.Release|Any CPU.Build.0 = Release|Any CPU
	EndGlobalSection
	GlobalSection(SolutionProperties) = preSolution
		HideSolutionNode = FALSE
	EndGlobalSection
	GlobalSection(ExtensibilityGlobals) = postSolution
		SolutionGuid = {6BDCA9E4-611E-4EEE-A0B3-6DCC0E3A50DE}
	EndGlobalSection
EndGlobal
